
Microsoft Visual Studio Solution File, Format Version 12.00
# Visual Studio Version 17
VisualStudioVersion = 17.0.32112.339
MinimumVisualStudioVersion = 10.0.40219.1
Project("{FAE04EC0-301F-11D3-BF4B-00C04F79EFBC}") = "Find-All-Lonely-2150", "Find-All-Lonely-2150.csproj", "{6199E353-7847-4264-AE22-75BF97728432}"
EndProject
Global
	GlobalSection(SolutionConfigurationPlatforms) = preSolution
		Debug|Any CPU = Debug|Any CPU
		Release|Any CPU = Release|Any CPU
	EndGlobalSection
	GlobalSection(ProjectConfigurationPlatforms) = postSolution
		{6199E353-7847-4264-AE22-75BF97728432}.Debug|Any CPU.ActiveCfg = Debug|Any CPU
		{6199E353-7847-4264-AE22-75BF97728432}.Debug|Any CPU.Build.0 = Debug|Any CPU
		{6199E353-7847-4264-AE22-75BF97728432}.Release|Any CPU.ActiveCfg = Release|Any CPU
		{6199E353-7847-4264-AE22-75BF97728432}.Release|Any CPU.Build.0 = Release|Any CPU
	EndGlobalSection
	GlobalSection(SolutionProperties) = preSolution
		HideSolutionNode = FALSE
	EndGlobalSection
	GlobalSection(ExtensibilityGlobals) = postSolution
		SolutionGuid = {DC17D2A3-A7C3-49E8-BF35-9ACA371B70FB}
	EndGlobalSection
EndGlobal
