
Microsoft Visual Studio Solution File, Format Version 12.00
# Visual Studio Version 17
VisualStudioVersion = 17.0.32112.339
MinimumVisualStudioVersion = 10.0.40219.1
Project("{FAE04EC0-301F-11D3-BF4B-00C04F79EFBC}") = "Max-Good-People-2151", "Max-Good-People-2151.csproj", "{24C18296-F59E-4F77-8823-0ACC399935A9}"
EndProject
Global
	GlobalSection(SolutionConfigurationPlatforms) = preSolution
		Debug|Any CPU = Debug|Any CPU
		Release|Any CPU = Release|Any CPU
	EndGlobalSection
	GlobalSection(ProjectConfigurationPlatforms) = postSolution
		{24C18296-F59E-4F77-8823-0ACC399935A9}.Debug|Any CPU.ActiveCfg = Debug|Any CPU
		{24C18296-F59E-4F77-8823-0ACC399935A9}.Debug|Any CPU.Build.0 = Debug|Any CPU
		{24C18296-F59E-4F77-8823-0ACC399935A9}.Release|Any CPU.ActiveCfg = Release|Any CPU
		{24C18296-F59E-4F77-8823-0ACC399935A9}.Release|Any CPU.Build.0 = Release|Any CPU
	EndGlobalSection
	GlobalSection(SolutionProperties) = preSolution
		HideSolutionNode = FALSE
	EndGlobalSection
	GlobalSection(ExtensibilityGlobals) = postSolution
		SolutionGuid = {2A27973B-12D1-41E5-923A-1BF63B54D97C}
	EndGlobalSection
EndGlobal
